
Microsoft Visual Studio Solution File, Format Version 12.00
# Visual Studio 15
VisualStudioVersion = 15.0.27703.2026
MinimumVisualStudioVersion = 10.0.40219.1
Project("{FAE04EC0-301F-11D3-BF4B-00C04F79EFBC}") = "AKKALOG4NET", "AKKALOG4NET\AKKALOG4NET.csproj", "{DC23C71E-D6D9-43AC-B540-5DB15CE203C3}"
EndProject
Global
	GlobalSection(SolutionConfigurationPlatforms) = preSolution
		Debug|Any CPU = Debug|Any CPU
		Release|Any CPU = Release|Any CPU
	EndGlobalSection
	GlobalSection(ProjectConfigurationPlatforms) = postSolution
		{DC23C71E-D6D9-43AC-B540-5DB15CE203C3}.Debug|Any CPU.ActiveCfg = Debug|Any CPU
		{DC23C71E-D6D9-43AC-B540-5DB15CE203C3}.Debug|Any CPU.Build.0 = Debug|Any CPU
		{DC23C71E-D6D9-43AC-B540-5DB15CE203C3}.Release|Any CPU.ActiveCfg = Release|Any CPU
		{DC23C71E-D6D9-43AC-B540-5DB15CE203C3}.Release|Any CPU.Build.0 = Release|Any CPU
	EndGlobalSection
	GlobalSection(SolutionProperties) = preSolution
		HideSolutionNode = FALSE
	EndGlobalSection
	GlobalSection(ExtensibilityGlobals) = postSolution
		SolutionGuid = {A5E4B3C6-A135-49B3-A7DA-D34BB42E6C23}
	EndGlobalSection
EndGlobal
